// !$*UTF8*$!
{
	archiveVersion = 1;
	classes = {
	};
	objectVersion = 77;
	objects = {

/* Begin PBXBuildFile section */
		C97957F22E81A09B00E452B7 /* ResizableSheet in Frameworks */ = {isa = PBXBuildFile; productRef = C97957F12E81A09B00E452B7 /* ResizableSheet */; };
/* End PBXBuildFile section */

/* Begin PBXContainerItemProxy section */
		C9EAC68C2E772E300032B64C /* PBXContainerItemProxy */ = {
			isa = PBXContainerItemProxy;
			containerPortal = C9EAC6762E772E2F0032B64C /* Project object */;
			proxyType = 1;
			remoteGlobalIDString = C9EAC67D2E772E2F0032B64C;
			remoteInfo = irodori;
		};
		C9EAC6962E772E300032B64C /* PBXContainerItemProxy */ = {
			isa = PBXContainerItemProxy;
			containerPortal = C9EAC6762E772E2F0032B64C /* Project object */;
			proxyType = 1;
			remoteGlobalIDString = C9EAC67D2E772E2F0032B64C;
			remoteInfo = irodori;
		};
/* End PBXContainerItemProxy section */

/* Begin PBXFileReference section */
		C9EAC67E2E772E2F0032B64C /* irodori.app */ = {isa = PBXFileReference; explicitFileType = wrapper.application; includeInIndex = 0; path = irodori.app; sourceTree = BUILT_PRODUCTS_DIR; };
		C9EAC68B2E772E300032B64C /* irodoriTests.xctest */ = {isa = PBXFileReference; explicitFileType = wrapper.cfbundle; includeInIndex = 0; path = irodoriTests.xctest; sourceTree = BUILT_PRODUCTS_DIR; };
		C9EAC6952E772E300032B64C /* irodoriUITests.xctest */ = {isa = PBXFileReference; explicitFileType = wrapper.cfbundle; includeInIndex = 0; path = irodoriUITests.xctest; sourceTree = BUILT_PRODUCTS_DIR; };
/* End PBXFileReference section */

/* Begin PBXFileSystemSynchronizedBuildFileExceptionSet section */
		C9FD9E672E799225007A4303 /* Exceptions for "irodori" folder in "irodori" target */ = {
			isa = PBXFileSystemSynchronizedBuildFileExceptionSet;
			membershipExceptions = (
				Info.plist,
			);
			target = C9EAC67D2E772E2F0032B64C /* irodori */;
		};
/* End PBXFileSystemSynchronizedBuildFileExceptionSet section */

/* Begin PBXFileSystemSynchronizedRootGroup section */
		C9EAC6802E772E2F0032B64C /* irodori */ = {
			isa = PBXFileSystemSynchronizedRootGroup;
			exceptions = (
				C9FD9E672E799225007A4303 /* Exceptions for "irodori" folder in "irodori" target */,
			);
			path = irodori;
			sourceTree = "<group>";
		};
		C9EAC68E2E772E300032B64C /* irodoriTests */ = {
			isa = PBXFileSystemSynchronizedRootGroup;
			path = irodoriTests;
			sourceTree = "<group>";
		};
		C9EAC6982E772E300032B64C /* irodoriUITests */ = {
			isa = PBXFileSystemSynchronizedRootGroup;
			path = irodoriUITests;
			sourceTree = "<group>";
		};
/* End PBXFileSystemSynchronizedRootGroup section */

/* Begin PBXFrameworksBuildPhase section */
		C9EAC67B2E772E2F0032B64C /* Frameworks */ = {
			isa = PBXFrameworksBuildPhase;
			buildActionMask = 2147483647;
			files = (
				C97957F22E81A09B00E452B7 /* ResizableSheet in Frameworks */,
			);
			runOnlyForDeploymentPostprocessing = 0;
		};
		C9EAC6882E772E300032B64C /* Frameworks */ = {
			isa = PBXFrameworksBuildPhase;
			buildActionMask = 2147483647;
			files = (
			);
			runOnlyForDeploymentPostprocessing = 0;
		};
		C9EAC6922E772E300032B64C /* Frameworks */ = {
			isa = PBXFrameworksBuildPhase;
			buildActionMask = 2147483647;
			files = (
			);
			runOnlyForDeploymentPostprocessing = 0;
		};
/* End PBXFrameworksBuildPhase section */

/* Begin PBXGroup section */
		C9EAC6752E772E2F0032B64C = {
			isa = PBXGroup;
			children = (
				C9EAC6802E772E2F0032B64C /* irodori */,
				C9EAC68E2E772E300032B64C /* irodoriTests */,
				C9EAC6982E772E300032B64C /* irodoriUITests */,
				C9EAC67F2E772E2F0032B64C /* Products */,
			);
			sourceTree = "<group>";
		};
		C9EAC67F2E772E2F0032B64C /* Products */ = {
			isa = PBXGroup;
			children = (
				C9EAC67E2E772E2F0032B64C /* irodori.app */,
				C9EAC68B2E772E300032B64C /* irodoriTests.xctest */,
				C9EAC6952E772E300032B64C /* irodoriUITests.xctest */,
			);
			name = Products;
			sourceTree = "<group>";
		};
/* End PBXGroup section */

/* Begin PBXNativeTarget section */
		C9EAC67D2E772E2F0032B64C /* irodori */ = {
			isa = PBXNativeTarget;
			buildConfigurationList = C9EAC69F2E772E300032B64C /* Build configuration list for PBXNativeTarget "irodori" */;
			buildPhases = (
				C9EAC67A2E772E2F0032B64C /* Sources */,
				C9EAC67B2E772E2F0032B64C /* Frameworks */,
				C9EAC67C2E772E2F0032B64C /* Resources */,
			);
			buildRules = (
			);
			dependencies = (
			);
			fileSystemSynchronizedGroups = (
				C9EAC6802E772E2F0032B64C /* irodori */,
			);
			name = irodori;
			packageProductDependencies = (
				C97957F12E81A09B00E452B7 /* ResizableSheet */,
			);
			productName = irodori;
			productReference = C9EAC67E2E772E2F0032B64C /* irodori.app */;
			productType = "com.apple.product-type.application";
		};
		C9EAC68A2E772E300032B64C /* irodoriTests */ = {
			isa = PBXNativeTarget;
			buildConfigurationList = C9EAC6A22E772E300032B64C /* Build configuration list for PBXNativeTarget "irodoriTests" */;
			buildPhases = (
				C9EAC6872E772E300032B64C /* Sources */,
				C9EAC6882E772E300032B64C /* Frameworks */,
				C9EAC6892E772E300032B64C /* Resources */,
			);
			buildRules = (
			);
			dependencies = (
				C9EAC68D2E772E300032B64C /* PBXTargetDependency */,
			);
			fileSystemSynchronizedGroups = (
				C9EAC68E2E772E300032B64C /* irodoriTests */,
			);
			name = irodoriTests;
			packageProductDependencies = (
			);
			productName = irodoriTests;
			productReference = C9EAC68B2E772E300032B64C /* irodoriTests.xctest */;
			productType = "com.apple.product-type.bundle.unit-test";
		};
		C9EAC6942E772E300032B64C /* irodoriUITests */ = {
			isa = PBXNativeTarget;
			buildConfigurationList = C9EAC6A52E772E300032B64C /* Build configuration list for PBXNativeTarget "irodoriUITests" */;
			buildPhases = (
				C9EAC6912E772E300032B64C /* Sources */,
				C9EAC6922E772E300032B64C /* Frameworks */,
				C9EAC6932E772E300032B64C /* Resources */,
			);
			buildRules = (
			);
			dependencies = (
				C9EAC6972E772E300032B64C /* PBXTargetDependency */,
			);
			fileSystemSynchronizedGroups = (
				C9EAC6982E772E300032B64C /* irodoriUITests */,
			);
			name = irodoriUITests;
			packageProductDependencies = (
			);
			productName = irodoriUITests;
			productReference = C9EAC6952E772E300032B64C /* irodoriUITests.xctest */;
			productType = "com.apple.product-type.bundle.ui-testing";
		};
/* End PBXNativeTarget section */

/* Begin PBXProject section */
		C9EAC6762E772E2F0032B64C /* Project object */ = {
			isa = PBXProject;
			attributes = {
				BuildIndependentTargetsInParallel = 1;
				LastSwiftUpdateCheck = 1640;
				LastUpgradeCheck = 2600;
				TargetAttributes = {
					C9EAC67D2E772E2F0032B64C = {
						CreatedOnToolsVersion = 16.4;
					};
					C9EAC68A2E772E300032B64C = {
						CreatedOnToolsVersion = 16.4;
						TestTargetID = C9EAC67D2E772E2F0032B64C;
					};
					C9EAC6942E772E300032B64C = {
						CreatedOnToolsVersion = 16.4;
						TestTargetID = C9EAC67D2E772E2F0032B64C;
					};
				};
			};
			buildConfigurationList = C9EAC6792E772E2F0032B64C /* Build configuration list for PBXProject "irodori" */;
			developmentRegion = en;
			hasScannedForEncodings = 0;
			knownRegions = (
				en,
				Base,
			);
			mainGroup = C9EAC6752E772E2F0032B64C;
			minimizedProjectReferenceProxies = 1;
			packageReferences = (
				C97957F02E81A09B00E452B7 /* XCRemoteSwiftPackageReference "ResizableSheet" */,
			);
			preferredProjectObjectVersion = 77;
			productRefGroup = C9EAC67F2E772E2F0032B64C /* Products */;
			projectDirPath = "";
			projectRoot = "";
			targets = (
				C9EAC67D2E772E2F0032B64C /* irodori */,
				C9EAC68A2E772E300032B64C /* irodoriTests */,
				C9EAC6942E772E300032B64C /* irodoriUITests */,
			);
		};
/* End PBXProject section */

/* Begin PBXResourcesBuildPhase section */
		C9EAC67C2E772E2F0032B64C /* Resources */ = {
			isa = PBXResourcesBuildPhase;
			buildActionMask = 2147483647;
			files = (
			);
			runOnlyForDeploymentPostprocessing = 0;
		};
		C9EAC6892E772E300032B64C /* Resources */ = {
			isa = PBXResourcesBuildPhase;
			buildActionMask = 2147483647;
			files = (
			);
			runOnlyForDeploymentPostprocessing = 0;
		};
		C9EAC6932E772E300032B64C /* Resources */ = {
			isa = PBXResourcesBuildPhase;
			buildActionMask = 2147483647;
			files = (
			);
			runOnlyForDeploymentPostprocessing = 0;
		};
/* End PBXResourcesBuildPhase section */

/* Begin PBXSourcesBuildPhase section */
		C9EAC67A2E772E2F0032B64C /* Sources */ = {
			isa = PBXSourcesBuildPhase;
			buildActionMask = 2147483647;
			files = (
			);
			runOnlyForDeploymentPostprocessing = 0;
		};
		C9EAC6872E772E300032B64C /* Sources */ = {
			isa = PBXSourcesBuildPhase;
			buildActionMask = 2147483647;
			files = (
			);
			runOnlyForDeploymentPostprocessing = 0;
		};
		C9EAC6912E772E300032B64C /* Sources */ = {
			isa = PBXSourcesBuildPhase;
			buildActionMask = 2147483647;
			files = (
			);
			runOnlyForDeploymentPostprocessing = 0;
		};
/* End PBXSourcesBuildPhase section */

/* Begin PBXTargetDependency section */
		C9EAC68D2E772E300032B64C /* PBXTargetDependency */ = {
			isa = PBXTargetDependency;
			target = C9EAC67D2E772E2F0032B64C /* irodori */;
			targetProxy = C9EAC68C2E772E300032B64C /* PBXContainerItemProxy */;
		};
		C9EAC6972E772E300032B64C /* PBXTargetDependency */ = {
			isa = PBXTargetDependency;
			target = C9EAC67D2E772E2F0032B64C /* irodori */;
			targetProxy = C9EAC6962E772E300032B64C /* PBXContainerItemProxy */;
		};
/* End PBXTargetDependency section */

/* Begin XCBuildConfiguration section */
		C9EAC69D2E772E300032B64C /* Debug */ = {
			isa = XCBuildConfiguration;
			buildSettings = {
				ALWAYS_SEARCH_USER_PATHS = NO;
				ASSETCATALOG_COMPILER_GENERATE_SWIFT_ASSET_SYMBOL_EXTENSIONS = YES;
				CLANG_ANALYZER_NONNULL = YES;
				CLANG_ANALYZER_NUMBER_OBJECT_CONVERSION = YES_AGGRESSIVE;
				CLANG_CXX_LANGUAGE_STANDARD = "gnu++20";
				CLANG_ENABLE_MODULES = YES;
				CLANG_ENABLE_OBJC_ARC = YES;
				CLANG_ENABLE_OBJC_WEAK = YES;
				CLANG_WARN_BLOCK_CAPTURE_AUTORELEASING = YES;
				CLANG_WARN_BOOL_CONVERSION = YES;
				CLANG_WARN_COMMA = YES;
				CLANG_WARN_CONSTANT_CONVERSION = YES;
				CLANG_WARN_DEPRECATED_OBJC_IMPLEMENTATIONS = YES;
				CLANG_WARN_DIRECT_OBJC_ISA_USAGE = YES_ERROR;
				CLANG_WARN_DOCUMENTATION_COMMENTS = YES;
				CLANG_WARN_EMPTY_BODY = YES;
				CLANG_WARN_ENUM_CONVERSION = YES;
				CLANG_WARN_INFINITE_RECURSION = YES;
				CLANG_WARN_INT_CONVERSION = YES;
				CLANG_WARN_NON_LITERAL_NULL_CONVERSION = YES;
				CLANG_WARN_OBJC_IMPLICIT_RETAIN_SELF = YES;
				CLANG_WARN_OBJC_LITERAL_CONVERSION = YES;
				CLANG_WARN_OBJC_ROOT_CLASS = YES_ERROR;
				CLANG_WARN_QUOTED_INCLUDE_IN_FRAMEWORK_HEADER = YES;
				CLANG_WARN_RANGE_LOOP_ANALYSIS = YES;
				CLANG_WARN_STRICT_PROTOTYPES = YES;
				CLANG_WARN_SUSPICIOUS_MOVE = YES;
				CLANG_WARN_UNGUARDED_AVAILABILITY = YES_AGGRESSIVE;
				CLANG_WARN_UNREACHABLE_CODE = YES;
				CLANG_WARN__DUPLICATE_METHOD_MATCH = YES;
				COPY_PHASE_STRIP = NO;
				DEBUG_INFORMATION_FORMAT = dwarf;
				ENABLE_STRICT_OBJC_MSGSEND = YES;
				ENABLE_TESTABILITY = YES;
				ENABLE_USER_SCRIPT_SANDBOXING = YES;
				GCC_C_LANGUAGE_STANDARD = gnu17;
				GCC_DYNAMIC_NO_PIC = NO;
				GCC_NO_COMMON_BLOCKS = YES;
				GCC_OPTIMIZATION_LEVEL = 0;
				GCC_PREPROCESSOR_DEFINITIONS = (
					"DEBUG=1",
					"$(inherited)",
				);
				GCC_WARN_64_TO_32_BIT_CONVERSION = YES;
				GCC_WARN_ABOUT_RETURN_TYPE = YES_ERROR;
				GCC_WARN_UNDECLARED_SELECTOR = YES;
				GCC_WARN_UNINITIALIZED_AUTOS = YES_AGGRESSIVE;
				GCC_WARN_UNUSED_FUNCTION = YES;
				GCC_WARN_UNUSED_VARIABLE = YES;
				IPHONEOS_DEPLOYMENT_TARGET = 18.5;
				LOCALIZATION_PREFERS_STRING_CATALOGS = YES;
				MTL_ENABLE_DEBUG_INFO = INCLUDE_SOURCE;
				MTL_FAST_MATH = YES;
				ONLY_ACTIVE_ARCH = YES;
				SDKROOT = iphoneos;
				STRING_CATALOG_GENERATE_SYMBOLS = YES;
				SWIFT_ACTIVE_COMPILATION_CONDITIONS = "DEBUG $(inherited)";
				SWIFT_OPTIMIZATION_LEVEL = "-Onone";
			};
			name = Debug;
		};
		C9EAC69E2E772E300032B64C /* Release */ = {
			isa = XCBuildConfiguration;
			buildSettings = {
				ALWAYS_SEARCH_USER_PATHS = NO;
				ASSETCATALOG_COMPILER_GENERATE_SWIFT_ASSET_SYMBOL_EXTENSIONS = YES;
				CLANG_ANALYZER_NONNULL = YES;
				CLANG_ANALYZER_NUMBER_OBJECT_CONVERSION = YES_AGGRESSIVE;
				CLANG_CXX_LANGUAGE_STANDARD = "gnu++20";
				CLANG_ENABLE_MODULES = YES;
				CLANG_ENABLE_OBJC_ARC = YES;
				CLANG_ENABLE_OBJC_WEAK = YES;
				CLANG_WARN_BLOCK_CAPTURE_AUTORELEASING = YES;
				CLANG_WARN_BOOL_CONVERSION = YES;
				CLANG_WARN_COMMA = YES;
				CLANG_WARN_CONSTANT_CONVERSION = YES;
				CLANG_WARN_DEPRECATED_OBJC_IMPLEMENTATIONS = YES;
				CLANG_WARN_DIRECT_OBJC_ISA_USAGE = YES_ERROR;
				CLANG_WARN_DOCUMENTATION_COMMENTS = YES;
				CLANG_WARN_EMPTY_BODY = YES;
				CLANG_WARN_ENUM_CONVERSION = YES;
				CLANG_WARN_INFINITE_RECURSION = YES;
				CLANG_WARN_INT_CONVERSION = YES;
				CLANG_WARN_NON_LITERAL_NULL_CONVERSION = YES;
				CLANG_WARN_OBJC_IMPLICIT_RETAIN_SELF = YES;
				CLANG_WARN_OBJC_LITERAL_CONVERSION = YES;
				CLANG_WARN_OBJC_ROOT_CLASS = YES_ERROR;
				CLANG_WARN_QUOTED_INCLUDE_IN_FRAMEWORK_HEADER = YES;
				CLANG_WARN_RANGE_LOOP_ANALYSIS = YES;
				CLANG_WARN_STRICT_PROTOTYPES = YES;
				CLANG_WARN_SUSPICIOUS_MOVE = YES;
				CLANG_WARN_UNGUARDED_AVAILABILITY = YES_AGGRESSIVE;
				CLANG_WARN_UNREACHABLE_CODE = YES;
				CLANG_WARN__DUPLICATE_METHOD_MATCH = YES;
				COPY_PHASE_STRIP = NO;
				DEBUG_INFORMATION_FORMAT = "dwarf-with-dsym";
				ENABLE_NS_ASSERTIONS = NO;
				ENABLE_STRICT_OBJC_MSGSEND = YES;
				ENABLE_USER_SCRIPT_SANDBOXING = YES;
				GCC_C_LANGUAGE_STANDARD = gnu17;
				GCC_NO_COMMON_BLOCKS = YES;
				GCC_WARN_64_TO_32_BIT_CONVERSION = YES;
				GCC_WARN_ABOUT_RETURN_TYPE = YES_ERROR;
				GCC_WARN_UNDECLARED_SELECTOR = YES;
				GCC_WARN_UNINITIALIZED_AUTOS = YES_AGGRESSIVE;
				GCC_WARN_UNUSED_FUNCTION = YES;
				GCC_WARN_UNUSED_VARIABLE = YES;
				IPHONEOS_DEPLOYMENT_TARGET = 18.5;
				LOCALIZATION_PREFERS_STRING_CATALOGS = YES;
				MTL_ENABLE_DEBUG_INFO = NO;
				MTL_FAST_MATH = YES;
				SDKROOT = iphoneos;
				STRING_CATALOG_GENERATE_SYMBOLS = YES;
				SWIFT_COMPILATION_MODE = wholemodule;
				VALIDATE_PRODUCT = YES;
			};
			name = Release;
		};
		C9EAC6A02E772E300032B64C /* Debug */ = {
			isa = XCBuildConfiguration;
			buildSettings = {
				ASSETCATALOG_COMPILER_APPICON_NAME = AppIcon;
				ASSETCATALOG_COMPILER_GLOBAL_ACCENT_COLOR_NAME = AccentColor;
				CODE_SIGN_STYLE = Automatic;
				CURRENT_PROJECT_VERSION = 1;
				DEVELOPMENT_TEAM = 4SH7X72UQ9;
				ENABLE_PREVIEWS = YES;
				GENERATE_INFOPLIST_FILE = YES;
				INFOPLIST_FILE = irodori/Info.plist;
				INFOPLIST_KEY_NSLocationWhenInUseUsageDescription = "現在地を取得するために使用します";
				INFOPLIST_KEY_UIApplicationSceneManifest_Generation = YES;
				INFOPLIST_KEY_UIApplicationSupportsIndirectInputEvents = YES;
				INFOPLIST_KEY_UILaunchStoryboardName = white;
				INFOPLIST_KEY_UISupportedInterfaceOrientations_iPad = "UIInterfaceOrientationPortrait UIInterfaceOrientationPortraitUpsideDown UIInterfaceOrientationLandscapeLeft UIInterfaceOrientationLandscapeRight";
				INFOPLIST_KEY_UISupportedInterfaceOrientations_iPhone = "UIInterfaceOrientationPortrait UIInterfaceOrientationLandscapeLeft UIInterfaceOrientationLandscapeRight";
				LD_RUNPATH_SEARCH_PATHS = (
					"$(inherited)",
					"@executable_path/Frameworks",
				);
				MARKETING_VERSION = 1.0;
				PRODUCT_BUNDLE_IDENTIFIER = TakuyaAsaoka.irodori;
				PRODUCT_NAME = "$(TARGET_NAME)";
				SWIFT_EMIT_LOC_STRINGS = YES;
				SWIFT_VERSION = 5.0;
				TARGETED_DEVICE_FAMILY = "1,2";
			};
			name = Debug;
		};
		C9EAC6A12E772E300032B64C /* Release */ = {
			isa = XCBuildConfiguration;
			buildSettings = {
				ASSETCATALOG_COMPILER_APPICON_NAME = AppIcon;
				ASSETCATALOG_COMPILER_GLOBAL_ACCENT_COLOR_NAME = AccentColor;
				CODE_SIGN_STYLE = Automatic;
				CURRENT_PROJECT_VERSION = 1;
				DEVELOPMENT_TEAM = 4SH7X72UQ9;
				ENABLE_PREVIEWS = YES;
				GENERATE_INFOPLIST_FILE = YES;
				INFOPLIST_FILE = irodori/Info.plist;
				INFOPLIST_KEY_NSLocationWhenInUseUsageDescription = "現在地を取得するために使用します";
				INFOPLIST_KEY_UIApplicationSceneManifest_Generation = YES;
				INFOPLIST_KEY_UIApplicationSupportsIndirectInputEvents = YES;
				INFOPLIST_KEY_UILaunchStoryboardName = white;
				INFOPLIST_KEY_UISupportedInterfaceOrientations_iPad = "UIInterfaceOrientationPortrait UIInterfaceOrientationPortraitUpsideDown UIInterfaceOrientationLandscapeLeft UIInterfaceOrientationLandscapeRight";
				INFOPLIST_KEY_UISupportedInterfaceOrientations_iPhone = "UIInterfaceOrientationPortrait UIInterfaceOrientationLandscapeLeft UIInterfaceOrientationLandscapeRight";
				LD_RUNPATH_SEARCH_PATHS = (
					"$(inherited)",
					"@executable_path/Frameworks",
				);
				MARKETING_VERSION = 1.0;
				PRODUCT_BUNDLE_IDENTIFIER = TakuyaAsaoka.irodori;
				PRODUCT_NAME = "$(TARGET_NAME)";
				SWIFT_EMIT_LOC_STRINGS = YES;
				SWIFT_VERSION = 5.0;
				TARGETED_DEVICE_FAMILY = "1,2";
			};
			name = Release;
		};
		C9EAC6A32E772E300032B64C /* Debug */ = {
			isa = XCBuildConfiguration;
			buildSettings = {
				BUNDLE_LOADER = "$(TEST_HOST)";
				CODE_SIGN_STYLE = Automatic;
				CURRENT_PROJECT_VERSION = 1;
				GENERATE_INFOPLIST_FILE = YES;
				IPHONEOS_DEPLOYMENT_TARGET = 18.5;
				MARKETING_VERSION = 1.0;
				PRODUCT_BUNDLE_IDENTIFIER = TakuyaAsaoka.irodoriTests;
				PRODUCT_NAME = "$(TARGET_NAME)";
				SWIFT_EMIT_LOC_STRINGS = NO;
				SWIFT_VERSION = 5.0;
				TARGETED_DEVICE_FAMILY = "1,2";
				TEST_HOST = "$(BUILT_PRODUCTS_DIR)/irodori.app/$(BUNDLE_EXECUTABLE_FOLDER_PATH)/irodori";
			};
			name = Debug;
		};
		C9EAC6A42E772E300032B64C /* Release */ = {
			isa = XCBuildConfiguration;
			buildSettings = {
				BUNDLE_LOADER = "$(TEST_HOST)";
				CODE_SIGN_STYLE = Automatic;
				CURRENT_PROJECT_VERSION = 1;
				GENERATE_INFOPLIST_FILE = YES;
				IPHONEOS_DEPLOYMENT_TARGET = 18.5;
				MARKETING_VERSION = 1.0;
				PRODUCT_BUNDLE_IDENTIFIER = TakuyaAsaoka.irodoriTests;
				PRODUCT_NAME = "$(TARGET_NAME)";
				SWIFT_EMIT_LOC_STRINGS = NO;
				SWIFT_VERSION = 5.0;
				TARGETED_DEVICE_FAMILY = "1,2";
				TEST_HOST = "$(BUILT_PRODUCTS_DIR)/irodori.app/$(BUNDLE_EXECUTABLE_FOLDER_PATH)/irodori";
			};
			name = Release;
		};
		C9EAC6A62E772E300032B64C /* Debug */ = {
			isa = XCBuildConfiguration;
			buildSettings = {
				CODE_SIGN_STYLE = Automatic;
				CURRENT_PROJECT_VERSION = 1;
				GENERATE_INFOPLIST_FILE = YES;
				MARKETING_VERSION = 1.0;
				PRODUCT_BUNDLE_IDENTIFIER = TakuyaAsaoka.irodoriUITests;
				PRODUCT_NAME = "$(TARGET_NAME)";
				SWIFT_EMIT_LOC_STRINGS = NO;
				SWIFT_VERSION = 5.0;
				TARGETED_DEVICE_FAMILY = "1,2";
				TEST_TARGET_NAME = irodori;
			};
			name = Debug;
		};
		C9EAC6A72E772E300032B64C /* Release */ = {
			isa = XCBuildConfiguration;
			buildSettings = {
				CODE_SIGN_STYLE = Automatic;
				CURRENT_PROJECT_VERSION = 1;
				GENERATE_INFOPLIST_FILE = YES;
				MARKETING_VERSION = 1.0;
				PRODUCT_BUNDLE_IDENTIFIER = TakuyaAsaoka.irodoriUITests;
				PRODUCT_NAME = "$(TARGET_NAME)";
				SWIFT_EMIT_LOC_STRINGS = NO;
				SWIFT_VERSION = 5.0;
				TARGETED_DEVICE_FAMILY = "1,2";
				TEST_TARGET_NAME = irodori;
			};
			name = Release;
		};
/* End XCBuildConfiguration section */

/* Begin XCConfigurationList section */
		C9EAC6792E772E2F0032B64C /* Build configuration list for PBXProject "irodori" */ = {
			isa = XCConfigurationList;
			buildConfigurations = (
				C9EAC69D2E772E300032B64C /* Debug */,
				C9EAC69E2E772E300032B64C /* Release */,
			);
			defaultConfigurationIsVisible = 0;
			defaultConfigurationName = Release;
		};
		C9EAC69F2E772E300032B64C /* Build configuration list for PBXNativeTarget "irodori" */ = {
			isa = XCConfigurationList;
			buildConfigurations = (
				C9EAC6A02E772E300032B64C /* Debug */,
				C9EAC6A12E772E300032B64C /* Release */,
			);
			defaultConfigurationIsVisible = 0;
			defaultConfigurationName = Release;
		};
		C9EAC6A22E772E300032B64C /* Build configuration list for PBXNativeTarget "irodoriTests" */ = {
			isa = XCConfigurationList;
			buildConfigurations = (
				C9EAC6A32E772E300032B64C /* Debug */,
				C9EAC6A42E772E300032B64C /* Release */,
			);
			defaultConfigurationIsVisible = 0;
			defaultConfigurationName = Release;
		};
		C9EAC6A52E772E300032B64C /* Build configuration list for PBXNativeTarget "irodoriUITests" */ = {
			isa = XCConfigurationList;
			buildConfigurations = (
				C9EAC6A62E772E300032B64C /* Debug */,
				C9EAC6A72E772E300032B64C /* Release */,
			);
			defaultConfigurationIsVisible = 0;
			defaultConfigurationName = Release;
		};
/* End XCConfigurationList section */

/* Begin XCRemoteSwiftPackageReference section */
		C97957F02E81A09B00E452B7 /* XCRemoteSwiftPackageReference "ResizableSheet" */ = {
			isa = XCRemoteSwiftPackageReference;
			repositoryURL = "https://github.com/mtj0928/ResizableSheet";
			requirement = {
				kind = upToNextMajorVersion;
				minimumVersion = 0.0.5;
			};
		};
/* End XCRemoteSwiftPackageReference section */

/* Begin XCSwiftPackageProductDependency section */
		C97957F12E81A09B00E452B7 /* ResizableSheet */ = {
			isa = XCSwiftPackageProductDependency;
			package = C97957F02E81A09B00E452B7 /* XCRemoteSwiftPackageReference "ResizableSheet" */;
			productName = ResizableSheet;
		};
/* End XCSwiftPackageProductDependency section */
	};
	rootObject = C9EAC6762E772E2F0032B64C /* Project object */;
}
